// !$*UTF8*$!
{
	archiveVersion = 1;
	classes = {
	};
	objectVersion = 50;
	objects = {

/* Begin PBXBuildFile section */
		7C650DCD2397E508009DE557 /* AppDelegate.swift in Sources */ = {isa = PBXBuildFile; fileRef = 7C650DCC2397E508009DE557 /* AppDelegate.swift */; };
		7C650DCF2397E508009DE557 /* SceneDelegate.swift in Sources */ = {isa = PBXBuildFile; fileRef = 7C650DCE2397E508009DE557 /* SceneDelegate.swift */; };
		7C650DD92397E509009DE557 /* Assets.xcassets in Resources */ = {isa = PBXBuildFile; fileRef = 7C650DD82397E509009DE557 /* Assets.xcassets */; };
		7C650DDC2397E509009DE557 /* LaunchScreen.storyboard in Resources */ = {isa = PBXBuildFile; fileRef = 7C650DDA2397E509009DE557 /* LaunchScreen.storyboard */; };
		FACDF503239BB24E0005EEE0 /* DataManager.swift in Sources */ = {isa = PBXBuildFile; fileRef = FACDF4F2239BB24E0005EEE0 /* DataManager.swift */; };
		FACDF504239BB24E0005EEE0 /* Post+CoreDataProperties.swift in Sources */ = {isa = PBXBuildFile; fileRef = FACDF4F3239BB24E0005EEE0 /* Post+CoreDataProperties.swift */; };
		FACDF505239BB24E0005EEE0 /* DataManagerProtocol.swift in Sources */ = {isa = PBXBuildFile; fileRef = FACDF4F4239BB24E0005EEE0 /* DataManagerProtocol.swift */; };
		FACDF506239BB24E0005EEE0 /* PostStructure.swift in Sources */ = {isa = PBXBuildFile; fileRef = FACDF4F5239BB24E0005EEE0 /* PostStructure.swift */; };
		FACDF507239BB24E0005EEE0 /* Post+CoreDataClass.swift in Sources */ = {isa = PBXBuildFile; fileRef = FACDF4F6239BB24E0005EEE0 /* Post+CoreDataClass.swift */; };
		FACDF508239BB24E0005EEE0 /* CustomImagePostCollectionViewCell.swift in Sources */ = {isa = PBXBuildFile; fileRef = FACDF4F8239BB24E0005EEE0 /* CustomImagePostCollectionViewCell.swift */; };
		FACDF509239BB24E0005EEE0 /* CustomImagePostCollectionViewCell.xib in Resources */ = {isa = PBXBuildFile; fileRef = FACDF4F9239BB24E0005EEE0 /* CustomImagePostCollectionViewCell.xib */; };
		FACDF50A239BB24E0005EEE0 /* Main.storyboard in Resources */ = {isa = PBXBuildFile; fileRef = FACDF4FA239BB24E0005EEE0 /* Main.storyboard */; };
		FACDF50B239BB24E0005EEE0 /* PostTableViewCell.swift in Sources */ = {isa = PBXBuildFile; fileRef = FACDF4FC239BB24E0005EEE0 /* PostTableViewCell.swift */; };
		FACDF50C239BB24E0005EEE0 /* PostTableViewCell.xib in Resources */ = {isa = PBXBuildFile; fileRef = FACDF4FD239BB24E0005EEE0 /* PostTableViewCell.xib */; };
		FACDF50D239BB24E0005EEE0 /* PostDetailViewController.swift in Sources */ = {isa = PBXBuildFile; fileRef = FACDF4FF239BB24E0005EEE0 /* PostDetailViewController.swift */; };
		FACDF50E239BB24E0005EEE0 /* ProfileViewController.swift in Sources */ = {isa = PBXBuildFile; fileRef = FACDF500239BB24E0005EEE0 /* ProfileViewController.swift */; };
		FACDF50F239BB24E0005EEE0 /* PersistentLesson2.xcdatamodeld in Sources */ = {isa = PBXBuildFile; fileRef = FACDF501239BB24E0005EEE0 /* PersistentLesson2.xcdatamodeld */; };
/* End PBXBuildFile section */

/* Begin PBXFileReference section */
		7C650DC92397E508009DE557 /* PersistentLesson3.app */ = {isa = PBXFileReference; explicitFileType = wrapper.application; includeInIndex = 0; path = PersistentLesson3.app; sourceTree = BUILT_PRODUCTS_DIR; };
		7C650DCC2397E508009DE557 /* AppDelegate.swift */ = {isa = PBXFileReference; lastKnownFileType = sourcecode.swift; path = AppDelegate.swift; sourceTree = "<group>"; };
		7C650DCE2397E508009DE557 /* SceneDelegate.swift */ = {isa = PBXFileReference; lastKnownFileType = sourcecode.swift; path = SceneDelegate.swift; sourceTree = "<group>"; };
		7C650DD82397E509009DE557 /* Assets.xcassets */ = {isa = PBXFileReference; lastKnownFileType = folder.assetcatalog; path = Assets.xcassets; sourceTree = "<group>"; };
		7C650DDB2397E509009DE557 /* Base */ = {isa = PBXFileReference; lastKnownFileType = file.storyboard; name = Base; path = Base.lproj/LaunchScreen.storyboard; sourceTree = "<group>"; };
		7C650DDD2397E509009DE557 /* Info.plist */ = {isa = PBXFileReference; lastKnownFileType = text.plist.xml; path = Info.plist; sourceTree = "<group>"; };
		FA33D9AA23A27CD5009FBE1E /* PersistentLesson 2 v.2.xcdatamodel */ = {isa = PBXFileReference; lastKnownFileType = wrapper.xcdatamodel; path = "PersistentLesson 2 v.2.xcdatamodel"; sourceTree = "<group>"; };
		FACDF4F2239BB24E0005EEE0 /* DataManager.swift */ = {isa = PBXFileReference; fileEncoding = 4; lastKnownFileType = sourcecode.swift; path = DataManager.swift; sourceTree = "<group>"; };
		FACDF4F3239BB24E0005EEE0 /* Post+CoreDataProperties.swift */ = {isa = PBXFileReference; fileEncoding = 4; lastKnownFileType = sourcecode.swift; path = "Post+CoreDataProperties.swift"; sourceTree = "<group>"; };
		FACDF4F4239BB24E0005EEE0 /* DataManagerProtocol.swift */ = {isa = PBXFileReference; fileEncoding = 4; lastKnownFileType = sourcecode.swift; path = DataManagerProtocol.swift; sourceTree = "<group>"; };
		FACDF4F5239BB24E0005EEE0 /* PostStructure.swift */ = {isa = PBXFileReference; fileEncoding = 4; lastKnownFileType = sourcecode.swift; path = PostStructure.swift; sourceTree = "<group>"; };
		FACDF4F6239BB24E0005EEE0 /* Post+CoreDataClass.swift */ = {isa = PBXFileReference; fileEncoding = 4; lastKnownFileType = sourcecode.swift; path = "Post+CoreDataClass.swift"; sourceTree = "<group>"; };
		FACDF4F8239BB24E0005EEE0 /* CustomImagePostCollectionViewCell.swift */ = {isa = PBXFileReference; fileEncoding = 4; lastKnownFileType = sourcecode.swift; path = CustomImagePostCollectionViewCell.swift; sourceTree = "<group>"; };
		FACDF4F9239BB24E0005EEE0 /* CustomImagePostCollectionViewCell.xib */ = {isa = PBXFileReference; fileEncoding = 4; lastKnownFileType = file.xib; path = CustomImagePostCollectionViewCell.xib; sourceTree = "<group>"; };
		FACDF4FB239BB24E0005EEE0 /* Base */ = {isa = PBXFileReference; lastKnownFileType = file.storyboard; name = Base; path = Base.lproj/Main.storyboard; sourceTree = "<group>"; };
		FACDF4FC239BB24E0005EEE0 /* PostTableViewCell.swift */ = {isa = PBXFileReference; fileEncoding = 4; lastKnownFileType = sourcecode.swift; path = PostTableViewCell.swift; sourceTree = "<group>"; };
		FACDF4FD239BB24E0005EEE0 /* PostTableViewCell.xib */ = {isa = PBXFileReference; fileEncoding = 4; lastKnownFileType = file.xib; path = PostTableViewCell.xib; sourceTree = "<group>"; };
		FACDF4FF239BB24E0005EEE0 /* PostDetailViewController.swift */ = {isa = PBXFileReference; fileEncoding = 4; lastKnownFileType = sourcecode.swift; path = PostDetailViewController.swift; sourceTree = "<group>"; };
		FACDF500239BB24E0005EEE0 /* ProfileViewController.swift */ = {isa = PBXFileReference; fileEncoding = 4; lastKnownFileType = sourcecode.swift; path = ProfileViewController.swift; sourceTree = "<group>"; };
		FACDF502239BB24E0005EEE0 /* PersistentLesson2.xcdatamodel */ = {isa = PBXFileReference; lastKnownFileType = wrapper.xcdatamodel; path = PersistentLesson2.xcdatamodel; sourceTree = "<group>"; };
/* End PBXFileReference section */

/* Begin PBXFrameworksBuildPhase section */
		7C650DC62397E508009DE557 /* Frameworks */ = {
			isa = PBXFrameworksBuildPhase;
			buildActionMask = 2147483647;
			files = (
			);
			runOnlyForDeploymentPostprocessing = 0;
		};
/* End PBXFrameworksBuildPhase section */

/* Begin PBXGroup section */
		7C650DC02397E508009DE557 = {
			isa = PBXGroup;
			children = (
				7C650DCB2397E508009DE557 /* PersistentLesson3 */,
				7C650DCA2397E508009DE557 /* Products */,
			);
			sourceTree = "<group>";
		};
		7C650DCA2397E508009DE557 /* Products */ = {
			isa = PBXGroup;
			children = (
				7C650DC92397E508009DE557 /* PersistentLesson3.app */,
			);
			name = Products;
			sourceTree = "<group>";
		};
		7C650DCB2397E508009DE557 /* PersistentLesson3 */ = {
			isa = PBXGroup;
			children = (
				FACDF4FE239BB24E0005EEE0 /* Controller */,
				FACDF4F1239BB24E0005EEE0 /* Model */,
				FACDF4F7239BB24E0005EEE0 /* View */,
				7C650DCC2397E508009DE557 /* AppDelegate.swift */,
				7C650DCE2397E508009DE557 /* SceneDelegate.swift */,
				7C650DD82397E509009DE557 /* Assets.xcassets */,
				7C650DDA2397E509009DE557 /* LaunchScreen.storyboard */,
				7C650DDD2397E509009DE557 /* Info.plist */,
				FACDF501239BB24E0005EEE0 /* PersistentLesson2.xcdatamodeld */,
			);
			path = PersistentLesson3;
			sourceTree = "<group>";
		};
		FACDF4F1239BB24E0005EEE0 /* Model */ = {
			isa = PBXGroup;
			children = (
				FACDF4F2239BB24E0005EEE0 /* DataManager.swift */,
				FACDF4F3239BB24E0005EEE0 /* Post+CoreDataProperties.swift */,
				FACDF4F4239BB24E0005EEE0 /* DataManagerProtocol.swift */,
				FACDF4F5239BB24E0005EEE0 /* PostStructure.swift */,
				FACDF4F6239BB24E0005EEE0 /* Post+CoreDataClass.swift */,
			);
			path = Model;
			sourceTree = "<group>";
		};
		FACDF4F7239BB24E0005EEE0 /* View */ = {
			isa = PBXGroup;
			children = (
				FACDF4F8239BB24E0005EEE0 /* CustomImagePostCollectionViewCell.swift */,
				FACDF4F9239BB24E0005EEE0 /* CustomImagePostCollectionViewCell.xib */,
				FACDF4FA239BB24E0005EEE0 /* Main.storyboard */,
				FACDF4FC239BB24E0005EEE0 /* PostTableViewCell.swift */,
				FACDF4FD239BB24E0005EEE0 /* PostTableViewCell.xib */,
			);
			path = View;
			sourceTree = "<group>";
		};
		FACDF4FE239BB24E0005EEE0 /* Controller */ = {
			isa = PBXGroup;
			children = (
				FACDF4FF239BB24E0005EEE0 /* PostDetailViewController.swift */,
				FACDF500239BB24E0005EEE0 /* ProfileViewController.swift */,
			);
			path = Controller;
			sourceTree = "<group>";
		};
/* End PBXGroup section */

/* Begin PBXNativeTarget section */
		7C650DC82397E508009DE557 /* PersistentLesson3 */ = {
			isa = PBXNativeTarget;
			buildConfigurationList = 7C650DE02397E509009DE557 /* Build configuration list for PBXNativeTarget "PersistentLesson3" */;
			buildPhases = (
				7C650DC52397E508009DE557 /* Sources */,
				7C650DC62397E508009DE557 /* Frameworks */,
				7C650DC72397E508009DE557 /* Resources */,
			);
			buildRules = (
			);
			dependencies = (
			);
			name = PersistentLesson3;
			productName = PersistentLesson3;
			productReference = 7C650DC92397E508009DE557 /* PersistentLesson3.app */;
			productType = "com.apple.product-type.application";
		};
/* End PBXNativeTarget section */

/* Begin PBXProject section */
		7C650DC12397E508009DE557 /* Project object */ = {
			isa = PBXProject;
			attributes = {
				LastSwiftUpdateCheck = 1120;
				LastUpgradeCheck = 1120;
				ORGANIZATIONNAME = "Ildar Zalyalov";
				TargetAttributes = {
					7C650DC82397E508009DE557 = {
						CreatedOnToolsVersion = 11.2.1;
					};
				};
			};
			buildConfigurationList = 7C650DC42397E508009DE557 /* Build configuration list for PBXProject "PersistentLesson3" */;
			compatibilityVersion = "Xcode 9.3";
			developmentRegion = en;
			hasScannedForEncodings = 0;
			knownRegions = (
				en,
				Base,
			);
			mainGroup = 7C650DC02397E508009DE557;
			productRefGroup = 7C650DCA2397E508009DE557 /* Products */;
			projectDirPath = "";
			projectRoot = "";
			targets = (
				7C650DC82397E508009DE557 /* PersistentLesson3 */,
			);
		};
/* End PBXProject section */

/* Begin PBXResourcesBuildPhase section */
		7C650DC72397E508009DE557 /* Resources */ = {
			isa = PBXResourcesBuildPhase;
			buildActionMask = 2147483647;
			files = (
				7C650DDC2397E509009DE557 /* LaunchScreen.storyboard in Resources */,
				FACDF50A239BB24E0005EEE0 /* Main.storyboard in Resources */,
				FACDF509239BB24E0005EEE0 /* CustomImagePostCollectionViewCell.xib in Resources */,
				FACDF50C239BB24E0005EEE0 /* PostTableViewCell.xib in Resources */,
				7C650DD92397E509009DE557 /* Assets.xcassets in Resources */,
			);
			runOnlyForDeploymentPostprocessing = 0;
		};
/* End PBXResourcesBuildPhase section */

/* Begin PBXSourcesBuildPhase section */
		7C650DC52397E508009DE557 /* Sources */ = {
			isa = PBXSourcesBuildPhase;
			buildActionMask = 2147483647;
			files = (
				FACDF50B239BB24E0005EEE0 /* PostTableViewCell.swift in Sources */,
				FACDF506239BB24E0005EEE0 /* PostStructure.swift in Sources */,
				FACDF504239BB24E0005EEE0 /* Post+CoreDataProperties.swift in Sources */,
				FACDF507239BB24E0005EEE0 /* Post+CoreDataClass.swift in Sources */,
				FACDF50E239BB24E0005EEE0 /* ProfileViewController.swift in Sources */,
				7C650DCD2397E508009DE557 /* AppDelegate.swift in Sources */,
				FACDF503239BB24E0005EEE0 /* DataManager.swift in Sources */,
				FACDF50D239BB24E0005EEE0 /* PostDetailViewController.swift in Sources */,
				FACDF505239BB24E0005EEE0 /* DataManagerProtocol.swift in Sources */,
				FACDF508239BB24E0005EEE0 /* CustomImagePostCollectionViewCell.swift in Sources */,
				FACDF50F239BB24E0005EEE0 /* PersistentLesson2.xcdatamodeld in Sources */,
				7C650DCF2397E508009DE557 /* SceneDelegate.swift in Sources */,
			);
			runOnlyForDeploymentPostprocessing = 0;
		};
/* End PBXSourcesBuildPhase section */

/* Begin PBXVariantGroup section */
		7C650DDA2397E509009DE557 /* LaunchScreen.storyboard */ = {
			isa = PBXVariantGroup;
			children = (
				7C650DDB2397E509009DE557 /* Base */,
			);
			name = LaunchScreen.storyboard;
			sourceTree = "<group>";
		};
		FACDF4FA239BB24E0005EEE0 /* Main.storyboard */ = {
			isa = PBXVariantGroup;
			children = (
				FACDF4FB239BB24E0005EEE0 /* Base */,
			);
			name = Main.storyboard;
			sourceTree = "<group>";
		};
/* End PBXVariantGroup section */

/* Begin XCBuildConfiguration section */
		7C650DDE2397E509009DE557 /* Debug */ = {
			isa = XCBuildConfiguration;
			buildSettings = {
				ALWAYS_SEARCH_USER_PATHS = NO;
				CLANG_ANALYZER_NONNULL = YES;
				CLANG_ANALYZER_NUMBER_OBJECT_CONVERSION = YES_AGGRESSIVE;
				CLANG_CXX_LANGUAGE_STANDARD = "gnu++14";
				CLANG_CXX_LIBRARY = "libc++";
				CLANG_ENABLE_MODULES = YES;
				CLANG_ENABLE_OBJC_ARC = YES;
				CLANG_ENABLE_OBJC_WEAK = YES;
				CLANG_WARN_BLOCK_CAPTURE_AUTORELEASING = YES;
				CLANG_WARN_BOOL_CONVERSION = YES;
				CLANG_WARN_COMMA = YES;
				CLANG_WARN_CONSTANT_CONVERSION = YES;
				CLANG_WARN_DEPRECATED_OBJC_IMPLEMENTATIONS = YES;
				CLANG_WARN_DIRECT_OBJC_ISA_USAGE = YES_ERROR;
				CLANG_WARN_DOCUMENTATION_COMMENTS = YES;
				CLANG_WARN_EMPTY_BODY = YES;
				CLANG_WARN_ENUM_CONVERSION = YES;
				CLANG_WARN_INFINITE_RECURSION = YES;
				CLANG_WARN_INT_CONVERSION = YES;
				CLANG_WARN_NON_LITERAL_NULL_CONVERSION = YES;
				CLANG_WARN_OBJC_IMPLICIT_RETAIN_SELF = YES;
				CLANG_WARN_OBJC_LITERAL_CONVERSION = YES;
				CLANG_WARN_OBJC_ROOT_CLASS = YES_ERROR;
				CLANG_WARN_RANGE_LOOP_ANALYSIS = YES;
				CLANG_WARN_STRICT_PROTOTYPES = YES;
				CLANG_WARN_SUSPICIOUS_MOVE = YES;
				CLANG_WARN_UNGUARDED_AVAILABILITY = YES_AGGRESSIVE;
				CLANG_WARN_UNREACHABLE_CODE = YES;
				CLANG_WARN__DUPLICATE_METHOD_MATCH = YES;
				COPY_PHASE_STRIP = NO;
				DEBUG_INFORMATION_FORMAT = dwarf;
				ENABLE_STRICT_OBJC_MSGSEND = YES;
				ENABLE_TESTABILITY = YES;
				GCC_C_LANGUAGE_STANDARD = gnu11;
				GCC_DYNAMIC_NO_PIC = NO;
				GCC_NO_COMMON_BLOCKS = YES;
				GCC_OPTIMIZATION_LEVEL = 0;
				GCC_PREPROCESSOR_DEFINITIONS = (
					"DEBUG=1",
					"$(inherited)",
				);
				GCC_WARN_64_TO_32_BIT_CONVERSION = YES;
				GCC_WARN_ABOUT_RETURN_TYPE = YES_ERROR;
				GCC_WARN_UNDECLARED_SELECTOR = YES;
				GCC_WARN_UNINITIALIZED_AUTOS = YES_AGGRESSIVE;
				GCC_WARN_UNUSED_FUNCTION = YES;
				GCC_WARN_UNUSED_VARIABLE = YES;
				IPHONEOS_DEPLOYMENT_TARGET = 13.2;
				MTL_ENABLE_DEBUG_INFO = INCLUDE_SOURCE;
				MTL_FAST_MATH = YES;
				ONLY_ACTIVE_ARCH = YES;
				SDKROOT = iphoneos;
				SWIFT_ACTIVE_COMPILATION_CONDITIONS = DEBUG;
				SWIFT_OPTIMIZATION_LEVEL = "-Onone";
			};
			name = Debug;
		};
		7C650DDF2397E509009DE557 /* Release */ = {
			isa = XCBuildConfiguration;
			buildSettings = {
				ALWAYS_SEARCH_USER_PATHS = NO;
				CLANG_ANALYZER_NONNULL = YES;
				CLANG_ANALYZER_NUMBER_OBJECT_CONVERSION = YES_AGGRESSIVE;
				CLANG_CXX_LANGUAGE_STANDARD = "gnu++14";
				CLANG_CXX_LIBRARY = "libc++";
				CLANG_ENABLE_MODULES = YES;
				CLANG_ENABLE_OBJC_ARC = YES;
				CLANG_ENABLE_OBJC_WEAK = YES;
				CLANG_WARN_BLOCK_CAPTURE_AUTORELEASING = YES;
				CLANG_WARN_BOOL_CONVERSION = YES;
				CLANG_WARN_COMMA = YES;
				CLANG_WARN_CONSTANT_CONVERSION = YES;
				CLANG_WARN_DEPRECATED_OBJC_IMPLEMENTATIONS = YES;
				CLANG_WARN_DIRECT_OBJC_ISA_USAGE = YES_ERROR;
				CLANG_WARN_DOCUMENTATION_COMMENTS = YES;
				CLANG_WARN_EMPTY_BODY = YES;
				CLANG_WARN_ENUM_CONVERSION = YES;
				CLANG_WARN_INFINITE_RECURSION = YES;
				CLANG_WARN_INT_CONVERSION = YES;
				CLANG_WARN_NON_LITERAL_NULL_CONVERSION = YES;
				CLANG_WARN_OBJC_IMPLICIT_RETAIN_SELF = YES;
				CLANG_WARN_OBJC_LITERAL_CONVERSION = YES;
				CLANG_WARN_OBJC_ROOT_CLASS = YES_ERROR;
				CLANG_WARN_RANGE_LOOP_ANALYSIS = YES;
				CLANG_WARN_STRICT_PROTOTYPES = YES;
				CLANG_WARN_SUSPICIOUS_MOVE = YES;
				CLANG_WARN_UNGUARDED_AVAILABILITY = YES_AGGRESSIVE;
				CLANG_WARN_UNREACHABLE_CODE = YES;
				CLANG_WARN__DUPLICATE_METHOD_MATCH = YES;
				COPY_PHASE_STRIP = NO;
				DEBUG_INFORMATION_FORMAT = "dwarf-with-dsym";
				ENABLE_NS_ASSERTIONS = NO;
				ENABLE_STRICT_OBJC_MSGSEND = YES;
				GCC_C_LANGUAGE_STANDARD = gnu11;
				GCC_NO_COMMON_BLOCKS = YES;
				GCC_WARN_64_TO_32_BIT_CONVERSION = YES;
				GCC_WARN_ABOUT_RETURN_TYPE = YES_ERROR;
				GCC_WARN_UNDECLARED_SELECTOR = YES;
				GCC_WARN_UNINITIALIZED_AUTOS = YES_AGGRESSIVE;
				GCC_WARN_UNUSED_FUNCTION = YES;
				GCC_WARN_UNUSED_VARIABLE = YES;
				IPHONEOS_DEPLOYMENT_TARGET = 13.2;
				MTL_ENABLE_DEBUG_INFO = NO;
				MTL_FAST_MATH = YES;
				SDKROOT = iphoneos;
				SWIFT_COMPILATION_MODE = wholemodule;
				SWIFT_OPTIMIZATION_LEVEL = "-O";
				VALIDATE_PRODUCT = YES;
			};
			name = Release;
		};
		7C650DE12397E509009DE557 /* Debug */ = {
			isa = XCBuildConfiguration;
			buildSettings = {
				ASSETCATALOG_COMPILER_APPICON_NAME = AppIcon;
				CODE_SIGN_STYLE = Automatic;
				INFOPLIST_FILE = PersistentLesson3/Info.plist;
				LD_RUNPATH_SEARCH_PATHS = (
					"$(inherited)",
					"@executable_path/Frameworks",
				);
				PRODUCT_BUNDLE_IDENTIFIER = come.testInAppItits.com.PersistentLesson3;
				PRODUCT_NAME = "$(TARGET_NAME)";
				SWIFT_VERSION = 5.0;
				TARGETED_DEVICE_FAMILY = "1,2";
			};
			name = Debug;
		};
		7C650DE22397E509009DE557 /* Release */ = {
			isa = XCBuildConfiguration;
			buildSettings = {
				ASSETCATALOG_COMPILER_APPICON_NAME = AppIcon;
				CODE_SIGN_STYLE = Automatic;
				INFOPLIST_FILE = PersistentLesson3/Info.plist;
				LD_RUNPATH_SEARCH_PATHS = (
					"$(inherited)",
					"@executable_path/Frameworks",
				);
				PRODUCT_BUNDLE_IDENTIFIER = come.testInAppItits.com.PersistentLesson3;
				PRODUCT_NAME = "$(TARGET_NAME)";
				SWIFT_VERSION = 5.0;
				TARGETED_DEVICE_FAMILY = "1,2";
			};
			name = Release;
		};
/* End XCBuildConfiguration section */

/* Begin XCConfigurationList section */
		7C650DC42397E508009DE557 /* Build configuration list for PBXProject "PersistentLesson3" */ = {
			isa = XCConfigurationList;
			buildConfigurations = (
				7C650DDE2397E509009DE557 /* Debug */,
				7C650DDF2397E509009DE557 /* Release */,
			);
			defaultConfigurationIsVisible = 0;
			defaultConfigurationName = Release;
		};
		7C650DE02397E509009DE557 /* Build configuration list for PBXNativeTarget "PersistentLesson3" */ = {
			isa = XCConfigurationList;
			buildConfigurations = (
				7C650DE12397E509009DE557 /* Debug */,
				7C650DE22397E509009DE557 /* Release */,
			);
			defaultConfigurationIsVisible = 0;
			defaultConfigurationName = Release;
		};
/* End XCConfigurationList section */

/* Begin XCVersionGroup section */
		FACDF501239BB24E0005EEE0 /* PersistentLesson2.xcdatamodeld */ = {
			isa = XCVersionGroup;
			children = (
				FA33D9AA23A27CD5009FBE1E /* PersistentLesson 2 v.2.xcdatamodel */,
				FACDF502239BB24E0005EEE0 /* PersistentLesson2.xcdatamodel */,
			);
			currentVersion = FA33D9AA23A27CD5009FBE1E /* PersistentLesson 2 v.2.xcdatamodel */;
			path = PersistentLesson2.xcdatamodeld;
			sourceTree = "<group>";
			versionGroupType = wrapper.xcdatamodel;
		};
/* End XCVersionGroup section */
	};
	rootObject = 7C650DC12397E508009DE557 /* Project object */;
}
